
Microsoft Visual Studio Solution File, Format Version 12.00
# Visual Studio Version 17
VisualStudioVersion = 17.8.34330.188
MinimumVisualStudioVersion = 10.0.40219.1
Project("{9A19103F-16F7-4668-BE54-9A1E7A4F7556}") = "calculater_", "calculater_.csproj", "{40E49FF8-3DD0-478F-9C72-50892C26F856}"
EndProject
Global
	GlobalSection(SolutionConfigurationPlatforms) = preSolution
		Debug|Any CPU = Debug|Any CPU
		Release|Any CPU = Release|Any CPU
	EndGlobalSection
	GlobalSection(ProjectConfigurationPlatforms) = postSolution
		{40E49FF8-3DD0-478F-9C72-50892C26F856}.Debug|Any CPU.ActiveCfg = Debug|Any CPU
		{40E49FF8-3DD0-478F-9C72-50892C26F856}.Debug|Any CPU.Build.0 = Debug|Any CPU
		{40E49FF8-3DD0-478F-9C72-50892C26F856}.Release|Any CPU.ActiveCfg = Release|Any CPU
		{40E49FF8-3DD0-478F-9C72-50892C26F856}.Release|Any CPU.Build.0 = Release|Any CPU
	EndGlobalSection
	GlobalSection(SolutionProperties) = preSolution
		HideSolutionNode = FALSE
	EndGlobalSection
	GlobalSection(ExtensibilityGlobals) = postSolution
		SolutionGuid = {591CF1E4-9A48-4573-A526-72A2DD35DA68}
	EndGlobalSection
EndGlobal
